// !$*UTF8*$!
{
	archiveVersion = 1;
	classes = {
	};
	objectVersion = 46;
	objects = {

/* Begin PBXBuildFile section */
		12FBC0FD1D1DBE27002C6929 /* main.cpp in Sources */ = {isa = PBXBuildFile; fileRef = 12FBC0FC1D1DBE27002C6929 /* main.cpp */; };
		12FBC1041D1DC059002C6929 /* in in CopyFiles */ = {isa = PBXBuildFile; fileRef = 12FBC1031D1DC049002C6929 /* in */; };
/* End PBXBuildFile section */

/* Begin PBXCopyFilesBuildPhase section */
		12FBC0F71D1DBE27002C6929 /* CopyFiles */ = {
			isa = PBXCopyFilesBuildPhase;
			buildActionMask = 12;
			dstPath = "";
			dstSubfolderSpec = 16;
			files = (
				12FBC1041D1DC059002C6929 /* in in CopyFiles */,
			);
			runOnlyForDeploymentPostprocessing = 0;
		};
/* End PBXCopyFilesBuildPhase section */

/* Begin PBXFileReference section */
		12FBC0F91D1DBE27002C6929 /* 158B */ = {isa = PBXFileReference; explicitFileType = "compiled.mach-o.executable"; includeInIndex = 0; path = 158B; sourceTree = BUILT_PRODUCTS_DIR; };
		12FBC0FC1D1DBE27002C6929 /* main.cpp */ = {isa = PBXFileReference; lastKnownFileType = sourcecode.cpp.cpp; path = main.cpp; sourceTree = "<group>"; };
		12FBC1031D1DC049002C6929 /* in */ = {isa = PBXFileReference; fileEncoding = 4; lastKnownFileType = text; path = in; sourceTree = "<group>"; };
/* End PBXFileReference section */

/* Begin PBXFrameworksBuildPhase section */
		12FBC0F61D1DBE27002C6929 /* Frameworks */ = {
			isa = PBXFrameworksBuildPhase;
			buildActionMask = 2147483647;
			files = (
			);
			runOnlyForDeploymentPostprocessing = 0;
		};
/* End PBXFrameworksBuildPhase section */

/* Begin PBXGroup section */
		12FBC0F01D1DBE27002C6929 = {
			isa = PBXGroup;
			children = (
				12FBC0FB1D1DBE27002C6929 /* 158B */,
				12FBC0FA1D1DBE27002C6929 /* Products */,
			);
			sourceTree = "<group>";
		};
		12FBC0FA1D1DBE27002C6929 /* Products */ = {
			isa = PBXGroup;
			children = (
				12FBC0F91D1DBE27002C6929 /* 158B */,
			);
			name = Products;
			sourceTree = "<group>";
		};
		12FBC0FB1D1DBE27002C6929 /* 158B */ = {
			isa = PBXGroup;
			children = (
				12FBC0FC1D1DBE27002C6929 /* main.cpp */,
				12FBC1031D1DC049002C6929 /* in */,
			);
			path = 158B;
			sourceTree = "<group>";
		};
/* End PBXGroup section */

/* Begin PBXNativeTarget section */
		12FBC0F81D1DBE27002C6929 /* 158B */ = {
			isa = PBXNativeTarget;
			buildConfigurationList = 12FBC1001D1DBE27002C6929 /* Build configuration list for PBXNativeTarget "158B" */;
			buildPhases = (
				12FBC0F51D1DBE27002C6929 /* Sources */,
				12FBC0F61D1DBE27002C6929 /* Frameworks */,
				12FBC0F71D1DBE27002C6929 /* CopyFiles */,
			);
			buildRules = (
			);
			dependencies = (
			);
			name = 158B;
			productName = 158B;
			productReference = 12FBC0F91D1DBE27002C6929 /* 158B */;
			productType = "com.apple.product-type.tool";
		};
/* End PBXNativeTarget section */

/* Begin PBXProject section */
		12FBC0F11D1DBE27002C6929 /* Project object */ = {
			isa = PBXProject;
			attributes = {
				LastUpgradeCheck = 0730;
				ORGANIZATIONNAME = Fantastik;
				TargetAttributes = {
					12FBC0F81D1DBE27002C6929 = {
						CreatedOnToolsVersion = 7.3.1;
					};
				};
			};
			buildConfigurationList = 12FBC0F41D1DBE27002C6929 /* Build configuration list for PBXProject "158B" */;
			compatibilityVersion = "Xcode 3.2";
			developmentRegion = English;
			hasScannedForEncodings = 0;
			knownRegions = (
				en,
			);
			mainGroup = 12FBC0F01D1DBE27002C6929;
			productRefGroup = 12FBC0FA1D1DBE27002C6929 /* Products */;
			projectDirPath = "";
			projectRoot = "";
			targets = (
				12FBC0F81D1DBE27002C6929 /* 158B */,
			);
		};
/* End PBXProject section */

/* Begin PBXSourcesBuildPhase section */
		12FBC0F51D1DBE27002C6929 /* Sources */ = {
			isa = PBXSourcesBuildPhase;
			buildActionMask = 2147483647;
			files = (
				12FBC0FD1D1DBE27002C6929 /* main.cpp in Sources */,
			);
			runOnlyForDeploymentPostprocessing = 0;
		};
/* End PBXSourcesBuildPhase section */

/* Begin XCBuildConfiguration section */
		12FBC0FE1D1DBE27002C6929 /* Debug */ = {
			isa = XCBuildConfiguration;
			buildSettings = {
				ALWAYS_SEARCH_USER_PATHS = NO;
				CLANG_ANALYZER_NONNULL = YES;
				CLANG_CXX_LANGUAGE_STANDARD = "gnu++0x";
				CLANG_CXX_LIBRARY = "libc++";
				CLANG_ENABLE_MODULES = YES;
				CLANG_ENABLE_OBJC_ARC = YES;
				CLANG_WARN_BOOL_CONVERSION = YES;
				CLANG_WARN_CONSTANT_CONVERSION = YES;
				CLANG_WARN_DIRECT_OBJC_ISA_USAGE = YES_ERROR;
				CLANG_WARN_EMPTY_BODY = YES;
				CLANG_WARN_ENUM_CONVERSION = YES;
				CLANG_WARN_INT_CONVERSION = YES;
				CLANG_WARN_OBJC_ROOT_CLASS = YES_ERROR;
				CLANG_WARN_UNREACHABLE_CODE = YES;
				CLANG_WARN__DUPLICATE_METHOD_MATCH = YES;
				CODE_SIGN_IDENTITY = "-";
				COPY_PHASE_STRIP = NO;
				DEBUG_INFORMATION_FORMAT = dwarf;
				ENABLE_STRICT_OBJC_MSGSEND = YES;
				ENABLE_TESTABILITY = YES;
				GCC_C_LANGUAGE_STANDARD = gnu99;
				GCC_DYNAMIC_NO_PIC = NO;
				GCC_NO_COMMON_BLOCKS = YES;
				GCC_OPTIMIZATION_LEVEL = 0;
				GCC_PREPROCESSOR_DEFINITIONS = (
					"DEBUG=1",
					"$(inherited)",
				);
				GCC_WARN_64_TO_32_BIT_CONVERSION = YES;
				GCC_WARN_ABOUT_RETURN_TYPE = YES_ERROR;
				GCC_WARN_UNDECLARED_SELECTOR = YES;
				GCC_WARN_UNINITIALIZED_AUTOS = YES_AGGRESSIVE;
				GCC_WARN_UNUSED_FUNCTION = YES;
				GCC_WARN_UNUSED_VARIABLE = YES;
				MACOSX_DEPLOYMENT_TARGET = 10.11;
				MTL_ENABLE_DEBUG_INFO = YES;
				ONLY_ACTIVE_ARCH = YES;
				SDKROOT = macosx;
			};
			name = Debug;
		};
		12FBC0FF1D1DBE27002C6929 /* Release */ = {
			isa = XCBuildConfiguration;
			buildSettings = {
				ALWAYS_SEARCH_USER_PATHS = NO;
				CLANG_ANALYZER_NONNULL = YES;
				CLANG_CXX_LANGUAGE_STANDARD = "gnu++0x";
				CLANG_CXX_LIBRARY = "libc++";
				CLANG_ENABLE_MODULES = YES;
				CLANG_ENABLE_OBJC_ARC = YES;
				CLANG_WARN_BOOL_CONVERSION = YES;
				CLANG_WARN_CONSTANT_CONVERSION = YES;
				CLANG_WARN_DIRECT_OBJC_ISA_USAGE = YES_ERROR;
				CLANG_WARN_EMPTY_BODY = YES;
				CLANG_WARN_ENUM_CONVERSION = YES;
				CLANG_WARN_INT_CONVERSION = YES;
				CLANG_WARN_OBJC_ROOT_CLASS = YES_ERROR;
				CLANG_WARN_UNREACHABLE_CODE = YES;
				CLANG_WARN__DUPLICATE_METHOD_MATCH = YES;
				CODE_SIGN_IDENTITY = "-";
				COPY_PHASE_STRIP = NO;
				DEBUG_INFORMATION_FORMAT = "dwarf-with-dsym";
				ENABLE_NS_ASSERTIONS = NO;
				ENABLE_STRICT_OBJC_MSGSEND = YES;
				GCC_C_LANGUAGE_STANDARD = gnu99;
				GCC_NO_COMMON_BLOCKS = YES;
				GCC_WARN_64_TO_32_BIT_CONVERSION = YES;
				GCC_WARN_ABOUT_RETURN_TYPE = YES_ERROR;
				GCC_WARN_UNDECLARED_SELECTOR = YES;
				GCC_WARN_UNINITIALIZED_AUTOS = YES_AGGRESSIVE;
				GCC_WARN_UNUSED_FUNCTION = YES;
				GCC_WARN_UNUSED_VARIABLE = YES;
				MACOSX_DEPLOYMENT_TARGET = 10.11;
				MTL_ENABLE_DEBUG_INFO = NO;
				SDKROOT = macosx;
			};
			name = Release;
		};
		12FBC1011D1DBE27002C6929 /* Debug */ = {
			isa = XCBuildConfiguration;
			buildSettings = {
				PRODUCT_NAME = "$(TARGET_NAME)";
			};
			name = Debug;
		};
		12FBC1021D1DBE27002C6929 /* Release */ = {
			isa = XCBuildConfiguration;
			buildSettings = {
				PRODUCT_NAME = "$(TARGET_NAME)";
			};
			name = Release;
		};
/* End XCBuildConfiguration section */

/* Begin XCConfigurationList section */
		12FBC0F41D1DBE27002C6929 /* Build configuration list for PBXProject "158B" */ = {
			isa = XCConfigurationList;
			buildConfigurations = (
				12FBC0FE1D1DBE27002C6929 /* Debug */,
				12FBC0FF1D1DBE27002C6929 /* Release */,
			);
			defaultConfigurationIsVisible = 0;
			defaultConfigurationName = Release;
		};
		12FBC1001D1DBE27002C6929 /* Build configuration list for PBXNativeTarget "158B" */ = {
			isa = XCConfigurationList;
			buildConfigurations = (
				12FBC1011D1DBE27002C6929 /* Debug */,
				12FBC1021D1DBE27002C6929 /* Release */,
			);
			defaultConfigurationIsVisible = 0;
		};
/* End XCConfigurationList section */
	};
	rootObject = 12FBC0F11D1DBE27002C6929 /* Project object */;
}
