// !$*UTF8*$!
{
	archiveVersion = 1;
	classes = {
	};
	objectVersion = 46;
	objects = {

/* Begin PBXBuildFile section */
		121102C81D1C64C2003BE6F9 /* main.cpp in Sources */ = {isa = PBXBuildFile; fileRef = 121102C71D1C64C2003BE6F9 /* main.cpp */; };
		121102CF1D1C6795003BE6F9 /* in in CopyFiles */ = {isa = PBXBuildFile; fileRef = 121102CE1D1C6787003BE6F9 /* in */; };
/* End PBXBuildFile section */

/* Begin PBXCopyFilesBuildPhase section */
		121102C21D1C64C2003BE6F9 /* CopyFiles */ = {
			isa = PBXCopyFilesBuildPhase;
			buildActionMask = 12;
			dstPath = "";
			dstSubfolderSpec = 16;
			files = (
				121102CF1D1C6795003BE6F9 /* in in CopyFiles */,
			);
			runOnlyForDeploymentPostprocessing = 0;
		};
/* End PBXCopyFilesBuildPhase section */

/* Begin PBXFileReference section */
		121102C41D1C64C2003BE6F9 /* 158A */ = {isa = PBXFileReference; explicitFileType = "compiled.mach-o.executable"; includeInIndex = 0; path = 158A; sourceTree = BUILT_PRODUCTS_DIR; };
		121102C71D1C64C2003BE6F9 /* main.cpp */ = {isa = PBXFileReference; lastKnownFileType = sourcecode.cpp.cpp; path = main.cpp; sourceTree = "<group>"; };
		121102CE1D1C6787003BE6F9 /* in */ = {isa = PBXFileReference; fileEncoding = 4; lastKnownFileType = text; path = in; sourceTree = "<group>"; };
/* End PBXFileReference section */

/* Begin PBXFrameworksBuildPhase section */
		121102C11D1C64C2003BE6F9 /* Frameworks */ = {
			isa = PBXFrameworksBuildPhase;
			buildActionMask = 2147483647;
			files = (
			);
			runOnlyForDeploymentPostprocessing = 0;
		};
/* End PBXFrameworksBuildPhase section */

/* Begin PBXGroup section */
		121102BB1D1C64C2003BE6F9 = {
			isa = PBXGroup;
			children = (
				121102C61D1C64C2003BE6F9 /* 158A */,
				121102C51D1C64C2003BE6F9 /* Products */,
			);
			sourceTree = "<group>";
		};
		121102C51D1C64C2003BE6F9 /* Products */ = {
			isa = PBXGroup;
			children = (
				121102C41D1C64C2003BE6F9 /* 158A */,
			);
			name = Products;
			sourceTree = "<group>";
		};
		121102C61D1C64C2003BE6F9 /* 158A */ = {
			isa = PBXGroup;
			children = (
				121102C71D1C64C2003BE6F9 /* main.cpp */,
				121102CE1D1C6787003BE6F9 /* in */,
			);
			path = 158A;
			sourceTree = "<group>";
		};
/* End PBXGroup section */

/* Begin PBXNativeTarget section */
		121102C31D1C64C2003BE6F9 /* 158A */ = {
			isa = PBXNativeTarget;
			buildConfigurationList = 121102CB1D1C64C2003BE6F9 /* Build configuration list for PBXNativeTarget "158A" */;
			buildPhases = (
				121102C01D1C64C2003BE6F9 /* Sources */,
				121102C11D1C64C2003BE6F9 /* Frameworks */,
				121102C21D1C64C2003BE6F9 /* CopyFiles */,
			);
			buildRules = (
			);
			dependencies = (
			);
			name = 158A;
			productName = 158A;
			productReference = 121102C41D1C64C2003BE6F9 /* 158A */;
			productType = "com.apple.product-type.tool";
		};
/* End PBXNativeTarget section */

/* Begin PBXProject section */
		121102BC1D1C64C2003BE6F9 /* Project object */ = {
			isa = PBXProject;
			attributes = {
				LastUpgradeCheck = 0730;
				ORGANIZATIONNAME = Fantastik;
				TargetAttributes = {
					121102C31D1C64C2003BE6F9 = {
						CreatedOnToolsVersion = 7.3.1;
					};
				};
			};
			buildConfigurationList = 121102BF1D1C64C2003BE6F9 /* Build configuration list for PBXProject "158A" */;
			compatibilityVersion = "Xcode 3.2";
			developmentRegion = English;
			hasScannedForEncodings = 0;
			knownRegions = (
				en,
			);
			mainGroup = 121102BB1D1C64C2003BE6F9;
			productRefGroup = 121102C51D1C64C2003BE6F9 /* Products */;
			projectDirPath = "";
			projectRoot = "";
			targets = (
				121102C31D1C64C2003BE6F9 /* 158A */,
			);
		};
/* End PBXProject section */

/* Begin PBXSourcesBuildPhase section */
		121102C01D1C64C2003BE6F9 /* Sources */ = {
			isa = PBXSourcesBuildPhase;
			buildActionMask = 2147483647;
			files = (
				121102C81D1C64C2003BE6F9 /* main.cpp in Sources */,
			);
			runOnlyForDeploymentPostprocessing = 0;
		};
/* End PBXSourcesBuildPhase section */

/* Begin XCBuildConfiguration section */
		121102C91D1C64C2003BE6F9 /* Debug */ = {
			isa = XCBuildConfiguration;
			buildSettings = {
				ALWAYS_SEARCH_USER_PATHS = NO;
				CLANG_ANALYZER_NONNULL = YES;
				CLANG_CXX_LANGUAGE_STANDARD = "gnu++0x";
				CLANG_CXX_LIBRARY = "libc++";
				CLANG_ENABLE_MODULES = YES;
				CLANG_ENABLE_OBJC_ARC = YES;
				CLANG_WARN_BOOL_CONVERSION = YES;
				CLANG_WARN_CONSTANT_CONVERSION = YES;
				CLANG_WARN_DIRECT_OBJC_ISA_USAGE = YES_ERROR;
				CLANG_WARN_EMPTY_BODY = YES;
				CLANG_WARN_ENUM_CONVERSION = YES;
				CLANG_WARN_INT_CONVERSION = YES;
				CLANG_WARN_OBJC_ROOT_CLASS = YES_ERROR;
				CLANG_WARN_UNREACHABLE_CODE = YES;
				CLANG_WARN__DUPLICATE_METHOD_MATCH = YES;
				CODE_SIGN_IDENTITY = "-";
				COPY_PHASE_STRIP = NO;
				DEBUG_INFORMATION_FORMAT = dwarf;
				ENABLE_STRICT_OBJC_MSGSEND = YES;
				ENABLE_TESTABILITY = YES;
				GCC_C_LANGUAGE_STANDARD = gnu99;
				GCC_DYNAMIC_NO_PIC = NO;
				GCC_NO_COMMON_BLOCKS = YES;
				GCC_OPTIMIZATION_LEVEL = 0;
				GCC_PREPROCESSOR_DEFINITIONS = (
					"DEBUG=1",
					"$(inherited)",
				);
				GCC_WARN_64_TO_32_BIT_CONVERSION = YES;
				GCC_WARN_ABOUT_RETURN_TYPE = YES_ERROR;
				GCC_WARN_UNDECLARED_SELECTOR = YES;
				GCC_WARN_UNINITIALIZED_AUTOS = YES_AGGRESSIVE;
				GCC_WARN_UNUSED_FUNCTION = YES;
				GCC_WARN_UNUSED_VARIABLE = YES;
				MACOSX_DEPLOYMENT_TARGET = 10.11;
				MTL_ENABLE_DEBUG_INFO = YES;
				ONLY_ACTIVE_ARCH = YES;
				SDKROOT = macosx;
			};
			name = Debug;
		};
		121102CA1D1C64C2003BE6F9 /* Release */ = {
			isa = XCBuildConfiguration;
			buildSettings = {
				ALWAYS_SEARCH_USER_PATHS = NO;
				CLANG_ANALYZER_NONNULL = YES;
				CLANG_CXX_LANGUAGE_STANDARD = "gnu++0x";
				CLANG_CXX_LIBRARY = "libc++";
				CLANG_ENABLE_MODULES = YES;
				CLANG_ENABLE_OBJC_ARC = YES;
				CLANG_WARN_BOOL_CONVERSION = YES;
				CLANG_WARN_CONSTANT_CONVERSION = YES;
				CLANG_WARN_DIRECT_OBJC_ISA_USAGE = YES_ERROR;
				CLANG_WARN_EMPTY_BODY = YES;
				CLANG_WARN_ENUM_CONVERSION = YES;
				CLANG_WARN_INT_CONVERSION = YES;
				CLANG_WARN_OBJC_ROOT_CLASS = YES_ERROR;
				CLANG_WARN_UNREACHABLE_CODE = YES;
				CLANG_WARN__DUPLICATE_METHOD_MATCH = YES;
				CODE_SIGN_IDENTITY = "-";
				COPY_PHASE_STRIP = NO;
				DEBUG_INFORMATION_FORMAT = "dwarf-with-dsym";
				ENABLE_NS_ASSERTIONS = NO;
				ENABLE_STRICT_OBJC_MSGSEND = YES;
				GCC_C_LANGUAGE_STANDARD = gnu99;
				GCC_NO_COMMON_BLOCKS = YES;
				GCC_WARN_64_TO_32_BIT_CONVERSION = YES;
				GCC_WARN_ABOUT_RETURN_TYPE = YES_ERROR;
				GCC_WARN_UNDECLARED_SELECTOR = YES;
				GCC_WARN_UNINITIALIZED_AUTOS = YES_AGGRESSIVE;
				GCC_WARN_UNUSED_FUNCTION = YES;
				GCC_WARN_UNUSED_VARIABLE = YES;
				MACOSX_DEPLOYMENT_TARGET = 10.11;
				MTL_ENABLE_DEBUG_INFO = NO;
				SDKROOT = macosx;
			};
			name = Release;
		};
		121102CC1D1C64C2003BE6F9 /* Debug */ = {
			isa = XCBuildConfiguration;
			buildSettings = {
				PRODUCT_NAME = "$(TARGET_NAME)";
			};
			name = Debug;
		};
		121102CD1D1C64C2003BE6F9 /* Release */ = {
			isa = XCBuildConfiguration;
			buildSettings = {
				PRODUCT_NAME = "$(TARGET_NAME)";
			};
			name = Release;
		};
/* End XCBuildConfiguration section */

/* Begin XCConfigurationList section */
		121102BF1D1C64C2003BE6F9 /* Build configuration list for PBXProject "158A" */ = {
			isa = XCConfigurationList;
			buildConfigurations = (
				121102C91D1C64C2003BE6F9 /* Debug */,
				121102CA1D1C64C2003BE6F9 /* Release */,
			);
			defaultConfigurationIsVisible = 0;
			defaultConfigurationName = Release;
		};
		121102CB1D1C64C2003BE6F9 /* Build configuration list for PBXNativeTarget "158A" */ = {
			isa = XCConfigurationList;
			buildConfigurations = (
				121102CC1D1C64C2003BE6F9 /* Debug */,
				121102CD1D1C64C2003BE6F9 /* Release */,
			);
			defaultConfigurationIsVisible = 0;
		};
/* End XCConfigurationList section */
	};
	rootObject = 121102BC1D1C64C2003BE6F9 /* Project object */;
}
